{
  "version": 4,
  "terraform_version": "1.6.3",
  "serial": 52,
  "lineage": "772c6d33-461f-ccf7-c993-21011439ccde",
  "outputs": {
    "instance_1_info": {
      "value": {
        "host_name": "ITHUBterraforubuntu1-Mokhov",
        "private_ip": "192.168.254.100",
        "public_ip": "217.16.16.213"
      },
      "type": [
        "object",
        {
          "host_name": "string",
          "private_ip": "string",
          "public_ip": "string"
        }
      ]
    },
    "instance_2_info": {
      "value": {
        "host_name": "ITHUBterraforubuntu2-Mokhov",
        "private_ip": "192.168.254.200",
        "public_ip": "217.16.17.196"
      },
      "type": [
        "object",
        {
          "host_name": "string",
          "private_ip": "string",
          "public_ip": "string"
        }
      ]
    }
  },
  "resources": [
    {
      "mode": "data",
      "type": "vkcs_images_image",
      "name": "compute",
      "provider": "provider[\"registry.mail.ru/vk-cs/vkcs\"]",
      "instances": [
        {
          "schema_version": 0,
          "attributes": {
            "checksum": "88682151cd3333651cf0c31db9a8e731",
            "container_format": "bare",
            "created_at": "2024-12-16T13:54:22Z",
            "default": true,
            "disk_format": "qcow2",
            "file": "/v2/images/c1703b98-c903-436c-9de3-370af53a306f/file",
            "id": "c1703b98-c903-436c-9de3-370af53a306f",
            "member_status": null,
            "metadata": {},
            "min_disk_gb": 4,
            "min_ram_mb": 0,
            "most_recent": false,
            "name": "ubuntu-22-202412161339.gitddc29734",
            "owner": "432fd5d3387444b3b84a58d0a6df9eb9",
            "properties": {
              "mcs_os_distro": "ubuntu",
              "mcs_os_version": "22.04"
            },
            "protected": false,
            "region": "RegionOne",
            "schema": "/v2/schemas/image",
            "size_bytes": 701693952,
            "size_max": null,
            "size_min": null,
            "tag": null,
            "tags": [],
            "updated_at": "2024-12-16T13:54:37Z",
            "visibility": "public"
          },
          "sensitive_attributes": []
        }
      ]
    },
    {
      "mode": "managed",
      "type": "vkcs_compute_floatingip_associate",
      "name": "fip_assoc_1",
      "provider": "provider[\"registry.mail.ru/vk-cs/vkcs\"]",
      "instances": [
        {
          "schema_version": 0,
          "attributes": {
            "fixed_ip": "",
            "floating_ip": "217.16.16.213",
            "id": "217.16.16.213/319dfac4-c143-458f-b9c2-263bd932b72d/",
            "instance_id": "319dfac4-c143-458f-b9c2-263bd932b72d",
            "region": "RegionOne",
            "timeouts": null,
            "wait_until_associated": null
          },
          "sensitive_attributes": [],
          "private": "eyJlMmJmYjczMC1lY2FhLTExZTYtOGY4OC0zNDM2M2JjN2M0YzAiOnsiY3JlYXRlIjo2MDAwMDAwMDAwMDB9fQ==",
          "dependencies": [
            "data.vkcs_images_image.compute",
            "vkcs_compute_instance.terraform_instance_1",
            "vkcs_compute_keypair.terraform_key",
            "vkcs_networking_floatingip.fip_1",
            "vkcs_networking_network.terraform_network",
            "vkcs_networking_secgroup.main_sg"
          ]
        }
      ]
    },
    {
      "mode": "managed",
      "type": "vkcs_compute_floatingip_associate",
      "name": "fip_assoc_2",
      "provider": "provider[\"registry.mail.ru/vk-cs/vkcs\"]",
      "instances": [
        {
          "schema_version": 0,
          "attributes": {
            "fixed_ip": "",
            "floating_ip": "217.16.17.196",
            "id": "217.16.17.196/4e3f528c-2c7e-40c2-b8ce-79ded759cb23/",
            "instance_id": "4e3f528c-2c7e-40c2-b8ce-79ded759cb23",
            "region": "RegionOne",
            "timeouts": null,
            "wait_until_associated": null
          },
          "sensitive_attributes": [],
          "private": "eyJlMmJmYjczMC1lY2FhLTExZTYtOGY4OC0zNDM2M2JjN2M0YzAiOnsiY3JlYXRlIjo2MDAwMDAwMDAwMDB9fQ==",
          "dependencies": [
            "data.vkcs_images_image.compute",
            "vkcs_compute_instance.terraform_instance_2",
            "vkcs_compute_keypair.terraform_key",
            "vkcs_networking_floatingip.fip_2",
            "vkcs_networking_network.terraform_network",
            "vkcs_networking_secgroup.main_sg"
          ]
        }
      ]
    },
    {
      "mode": "managed",
      "type": "vkcs_compute_instance",
      "name": "terraform_instance_1",
      "provider": "provider[\"registry.mail.ru/vk-cs/vkcs\"]",
      "instances": [
        {
          "schema_version": 0,
          "attributes": {
            "access_ip_v4": "192.168.254.100",
            "admin_pass": null,
            "all_metadata": {},
            "all_tags": [],
            "availability_zone": "MS1",
            "block_device": [
              {
                "boot_index": 0,
                "delete_on_termination": true,
                "destination_type": "volume",
                "device_type": "",
                "disk_bus": "",
                "guest_format": "",
                "source_type": "image",
                "uuid": "c1703b98-c903-436c-9de3-370af53a306f",
                "volume_size": 10,
                "volume_type": ""
              }
            ],
            "cloud_monitoring": [],
            "config_drive": null,
            "flavor_id": "467c1b72-a6a2-4375-9cca-078cdc5bfdde",
            "flavor_name": "STD2-2-2",
            "force_delete": false,
            "id": "319dfac4-c143-458f-b9c2-263bd932b72d",
            "image_id": "Attempt to boot from volume - no image supplied",
            "image_name": null,
            "key_pair": "terraform-keypair",
            "metadata": null,
            "name": "ITHUBterraforubuntu1-Mokhov",
            "network": [
              {
                "access_network": false,
                "fixed_ip_v4": "192.168.254.100",
                "mac": "fa:16:3e:77:cb:a4",
                "name": "ITHUBterraformnetwork-Mokhov",
                "port": "",
                "uuid": "2e3f634c-6f9a-4113-8b1d-32364f356f78"
              }
            ],
            "network_mode": null,
            "personality": [],
            "power_state": "active",
            "region": "RegionOne",
            "scheduler_hints": [],
            "security_group_ids": [
              "a40e05bf-81d9-4efa-97ff-d5eb5e2022dd"
            ],
            "security_groups": [
              "sg-mokhov"
            ],
            "stop_before_destroy": false,
            "tags": null,
            "timeouts": null,
            "user_data": "5d6d3588b21952d31a19ace655050c18b35eb937",
            "vendor_options": []
          },
          "sensitive_attributes": [],
          "private": "eyJlMmJmYjczMC1lY2FhLTExZTYtOGY4OC0zNDM2M2JjN2M0YzAiOnsiY3JlYXRlIjoxODAwMDAwMDAwMDAwLCJkZWxldGUiOjE4MDAwMDAwMDAwMDAsInVwZGF0ZSI6MTgwMDAwMDAwMDAwMH19",
          "dependencies": [
            "data.vkcs_images_image.compute",
            "vkcs_compute_keypair.terraform_key",
            "vkcs_networking_network.terraform_network",
            "vkcs_networking_secgroup.main_sg"
          ]
        }
      ]
    },
    {
      "mode": "managed",
      "type": "vkcs_compute_instance",
      "name": "terraform_instance_2",
      "provider": "provider[\"registry.mail.ru/vk-cs/vkcs\"]",
      "instances": [
        {
          "schema_version": 0,
          "attributes": {
            "access_ip_v4": "192.168.254.200",
            "admin_pass": null,
            "all_metadata": {},
            "all_tags": [],
            "availability_zone": "GZ1",
            "block_device": [
              {
                "boot_index": 0,
                "delete_on_termination": true,
                "destination_type": "volume",
                "device_type": "",
                "disk_bus": "",
                "guest_format": "",
                "source_type": "image",
                "uuid": "c1703b98-c903-436c-9de3-370af53a306f",
                "volume_size": 10,
                "volume_type": ""
              }
            ],
            "cloud_monitoring": [],
            "config_drive": null,
            "flavor_id": "467c1b72-a6a2-4375-9cca-078cdc5bfdde",
            "flavor_name": "STD2-2-2",
            "force_delete": false,
            "id": "4e3f528c-2c7e-40c2-b8ce-79ded759cb23",
            "image_id": "Attempt to boot from volume - no image supplied",
            "image_name": null,
            "key_pair": "terraform-keypair",
            "metadata": null,
            "name": "ITHUBterraforubuntu2-Mokhov",
            "network": [
              {
                "access_network": false,
                "fixed_ip_v4": "192.168.254.200",
                "mac": "fa:16:3e:20:ee:b3",
                "name": "ITHUBterraformnetwork-Mokhov",
                "port": "",
                "uuid": "2e3f634c-6f9a-4113-8b1d-32364f356f78"
              }
            ],
            "network_mode": null,
            "personality": [],
            "power_state": "active",
            "region": "RegionOne",
            "scheduler_hints": [],
            "security_group_ids": [
              "a40e05bf-81d9-4efa-97ff-d5eb5e2022dd"
            ],
            "security_groups": [
              "sg-mokhov"
            ],
            "stop_before_destroy": false,
            "tags": null,
            "timeouts": null,
            "user_data": "5d6d3588b21952d31a19ace655050c18b35eb937",
            "vendor_options": []
          },
          "sensitive_attributes": [],
          "private": "eyJlMmJmYjczMC1lY2FhLTExZTYtOGY4OC0zNDM2M2JjN2M0YzAiOnsiY3JlYXRlIjoxODAwMDAwMDAwMDAwLCJkZWxldGUiOjE4MDAwMDAwMDAwMDAsInVwZGF0ZSI6MTgwMDAwMDAwMDAwMH19",
          "dependencies": [
            "data.vkcs_images_image.compute",
            "vkcs_compute_keypair.terraform_key",
            "vkcs_networking_network.terraform_network",
            "vkcs_networking_secgroup.main_sg"
          ]
        }
      ]
    },
    {
      "mode": "managed",
      "type": "vkcs_compute_keypair",
      "name": "terraform_key",
      "provider": "provider[\"registry.mail.ru/vk-cs/vkcs\"]",
      "instances": [
        {
          "schema_version": 0,
          "attributes": {
            "fingerprint": "d5:f5:f1:b9:9f:6a:07:5f:22:7e:93:13:d3:4f:b0:b6",
            "id": "terraform-keypair",
            "name": "terraform-keypair",
            "private_key": "",
            "public_key": "ssh-rsa AAAAB3NzaC1yc2EAAAADAQABAAACAQCTDVATRAlpKJfrWnA36eKYYR99L60/wTH0AgtY19LJ49+lJ1CdR82m82iu+38P3b7KNuXgFBhMtFPaM8XhBcl38tsbNOITotWAPHsdvCxUDZ+CtQ1dqJRVoO5BP3ulmYFL6ThCoo045MhjFDdAwq7eHssT6t3o5Rrgj8UISSQsiZViTTi9lrMsDAc09eD+ipsXL5FvERSKkI4g/tJnpeQKiC000+QjL7huUlTLnRaP2k9PBXQboxIPf0X1rsszfTBL3QAqf4adF9RofJ5yR4t1rqg5z1dwFz/Gqsp8IRyO38EoUBQhfuX3FvhcbNcb0vneZ8a4Rls5RJ45wXrgXJUvB9a+EiaNkLDD8MFCfwZ7NXRTbefU3Fe+o6v0QMNvcivIJUIQF0IygBsTvQwY0EacBmnpVx4R1dQkpyqfHAHN+sd0WoNTkdwD2+srO+ho0iE9HlouNMxRS638oyMqaALB+h+cpcPsTNDWrMQPYZb/gy8DQ30pMHV32uAMGtaVTl4fROvPIQdbOoL84qHYmbMszr17tT72Phg6A15P1xDQxAmiZMbfBSW7kfQABpoFh/X3d4DcPnZVIkeKe8eSISaNyCoX+xQKMom/yOk+92mTtymIJnpKnQyr/szCjISLaywmKTw2iX6y9OtHGdADv2TA1uKRa7jqe2EDCuAtFiLgpw== juski@kali\n",
            "region": "RegionOne",
            "value_specs": null
          },
          "sensitive_attributes": [],
          "private": "bnVsbA=="
        }
      ]
    },
    {
      "mode": "managed",
      "type": "vkcs_networking_floatingip",
      "name": "fip_1",
      "provider": "provider[\"registry.mail.ru/vk-cs/vkcs\"]",
      "instances": [
        {
          "schema_version": 0,
          "attributes": {
            "address": "217.16.16.213",
            "description": "",
            "fixed_ip": "",
            "id": "f9a08287-a35e-416d-94c6-5eeb5dff69d2",
            "pool": "ext-net",
            "port_id": "",
            "region": "RegionOne",
            "sdn": "neutron",
            "subnet_id": null,
            "subnet_ids": null,
            "timeouts": null,
            "value_specs": null
          },
          "sensitive_attributes": [],
          "private": "eyJlMmJmYjczMC1lY2FhLTExZTYtOGY4OC0zNDM2M2JjN2M0YzAiOnsiY3JlYXRlIjo2MDAwMDAwMDAwMDAsImRlbGV0ZSI6NjAwMDAwMDAwMDAwfX0="
        }
      ]
    },
    {
      "mode": "managed",
      "type": "vkcs_networking_floatingip",
      "name": "fip_2",
      "provider": "provider[\"registry.mail.ru/vk-cs/vkcs\"]",
      "instances": [
        {
          "schema_version": 0,
          "attributes": {
            "address": "217.16.17.196",
            "description": "",
            "fixed_ip": "",
            "id": "92157dfa-c056-4a7b-954b-21c027f83bdc",
            "pool": "ext-net",
            "port_id": "",
            "region": "RegionOne",
            "sdn": "neutron",
            "subnet_id": null,
            "subnet_ids": null,
            "timeouts": null,
            "value_specs": null
          },
          "sensitive_attributes": [],
          "private": "eyJlMmJmYjczMC1lY2FhLTExZTYtOGY4OC0zNDM2M2JjN2M0YzAiOnsiY3JlYXRlIjo2MDAwMDAwMDAwMDAsImRlbGV0ZSI6NjAwMDAwMDAwMDAwfX0="
        }
      ]
    },
    {
      "mode": "managed",
      "type": "vkcs_networking_network",
      "name": "terraform_network",
      "provider": "provider[\"registry.mail.ru/vk-cs/vkcs\"]",
      "instances": [
        {
          "schema_version": 0,
          "attributes": {
            "admin_state_up": true,
            "all_tags": [],
            "description": "",
            "id": "2e3f634c-6f9a-4113-8b1d-32364f356f78",
            "name": "ITHUBterraformnetwork-Mokhov",
            "port_security_enabled": true,
            "private_dns_domain": "mcs.local.",
            "region": "RegionOne",
            "sdn": "neutron",
            "tags": null,
            "timeouts": null,
            "value_specs": null,
            "vkcs_services_access": false
          },
          "sensitive_attributes": [],
          "private": "eyJlMmJmYjczMC1lY2FhLTExZTYtOGY4OC0zNDM2M2JjN2M0YzAiOnsiY3JlYXRlIjo2MDAwMDAwMDAwMDAsImRlbGV0ZSI6NjAwMDAwMDAwMDAwfX0="
        }
      ]
    },
    {
      "mode": "managed",
      "type": "vkcs_networking_router",
      "name": "terraform_router",
      "provider": "provider[\"registry.mail.ru/vk-cs/vkcs\"]",
      "instances": [
        {
          "schema_version": 0,
          "attributes": {
            "admin_state_up": true,
            "all_tags": [],
            "description": "",
            "external_fixed_ips": [
              {
                "ip_address": "217.16.17.11",
                "subnet_id": "30acf3ce-4141-4f7b-9777-f426b664141f"
              }
            ],
            "external_network_id": "298117ae-3fa4-4109-9e08-8be5602be5a2",
            "id": "81216625-ba98-41ae-bddb-29c94b56b0a6",
            "name": "ITHUBterraformrouter-Mokhov",
            "region": "RegionOne",
            "sdn": "neutron",
            "tags": null,
            "timeouts": null,
            "value_specs": null,
            "vendor_options": []
          },
          "sensitive_attributes": [],
          "private": "eyJlMmJmYjczMC1lY2FhLTExZTYtOGY4OC0zNDM2M2JjN2M0YzAiOnsiY3JlYXRlIjo2MDAwMDAwMDAwMDAsImRlbGV0ZSI6NjAwMDAwMDAwMDAwfX0="
        }
      ]
    },
    {
      "mode": "managed",
      "type": "vkcs_networking_router_interface",
      "name": "router_interface",
      "provider": "provider[\"registry.mail.ru/vk-cs/vkcs\"]",
      "instances": [
        {
          "schema_version": 0,
          "attributes": {
            "id": "dd8aff26-2309-443d-ae6f-dd4e046a9ee8",
            "port_id": "dd8aff26-2309-443d-ae6f-dd4e046a9ee8",
            "region": "RegionOne",
            "router_id": "81216625-ba98-41ae-bddb-29c94b56b0a6",
            "sdn": "neutron",
            "subnet_id": "09cb8fe0-34a1-4a4f-9438-f0c3f3c0261c",
            "timeouts": null
          },
          "sensitive_attributes": [],
          "private": "eyJlMmJmYjczMC1lY2FhLTExZTYtOGY4OC0zNDM2M2JjN2M0YzAiOnsiY3JlYXRlIjo2MDAwMDAwMDAwMDAsImRlbGV0ZSI6NjAwMDAwMDAwMDAwfX0=",
          "dependencies": [
            "vkcs_networking_network.terraform_network",
            "vkcs_networking_router.terraform_router",
            "vkcs_networking_subnet.terraform_subnet"
          ]
        }
      ]
    },
    {
      "mode": "managed",
      "type": "vkcs_networking_secgroup",
      "name": "main_sg",
      "provider": "provider[\"registry.mail.ru/vk-cs/vkcs\"]",
      "instances": [
        {
          "schema_version": 0,
          "attributes": {
            "all_tags": [],
            "delete_default_rules": null,
            "description": "",
            "id": "a40e05bf-81d9-4efa-97ff-d5eb5e2022dd",
            "name": "sg-mokhov",
            "region": "RegionOne",
            "sdn": "neutron",
            "tags": null,
            "timeouts": null
          },
          "sensitive_attributes": [],
          "private": "eyJlMmJmYjczMC1lY2FhLTExZTYtOGY4OC0zNDM2M2JjN2M0YzAiOnsiZGVsZXRlIjo2MDAwMDAwMDAwMDB9fQ=="
        }
      ]
    },
    {
      "mode": "managed",
      "type": "vkcs_networking_secgroup_rule",
      "name": "allow_dns",
      "provider": "provider[\"registry.mail.ru/vk-cs/vkcs\"]",
      "instances": [
        {
          "schema_version": 0,
          "attributes": {
            "description": "",
            "direction": "egress",
            "ethertype": "IPv4",
            "id": "eca0f869-bf22-4d4b-a5b8-e2aec0703720",
            "port_range_max": 53,
            "port_range_min": 53,
            "protocol": "udp",
            "region": "RegionOne",
            "remote_group_id": "",
            "remote_ip_prefix": "0.0.0.0/0",
            "sdn": "neutron",
            "security_group_id": "a40e05bf-81d9-4efa-97ff-d5eb5e2022dd",
            "timeouts": null
          },
          "sensitive_attributes": [],
          "private": "eyJlMmJmYjczMC1lY2FhLTExZTYtOGY4OC0zNDM2M2JjN2M0YzAiOnsiZGVsZXRlIjo2MDAwMDAwMDAwMDB9fQ==",
          "dependencies": [
            "vkcs_networking_secgroup.main_sg"
          ]
        }
      ]
    },
    {
      "mode": "managed",
      "type": "vkcs_networking_secgroup_rule",
      "name": "allow_traffic",
      "provider": "provider[\"registry.mail.ru/vk-cs/vkcs\"]",
      "instances": [
        {
          "index_key": 0,
          "schema_version": 0,
          "attributes": {
            "description": "",
            "direction": "ingress",
            "ethertype": "IPv4",
            "id": "84073627-1829-4f4a-87fa-f3c6f857c2d0",
            "port_range_max": 22,
            "port_range_min": 22,
            "protocol": "tcp",
            "region": "RegionOne",
            "remote_group_id": "",
            "remote_ip_prefix": "0.0.0.0/0",
            "sdn": "neutron",
            "security_group_id": "a40e05bf-81d9-4efa-97ff-d5eb5e2022dd",
            "timeouts": null
          },
          "sensitive_attributes": [],
          "private": "eyJlMmJmYjczMC1lY2FhLTExZTYtOGY4OC0zNDM2M2JjN2M0YzAiOnsiZGVsZXRlIjo2MDAwMDAwMDAwMDB9fQ==",
          "dependencies": [
            "vkcs_networking_secgroup.main_sg"
          ]
        },
        {
          "index_key": 1,
          "schema_version": 0,
          "attributes": {
            "description": "",
            "direction": "ingress",
            "ethertype": "IPv4",
            "id": "32e1f896-93ed-4bf4-8e57-5ba96e0a9822",
            "port_range_max": 80,
            "port_range_min": 80,
            "protocol": "tcp",
            "region": "RegionOne",
            "remote_group_id": "",
            "remote_ip_prefix": "0.0.0.0/0",
            "sdn": "neutron",
            "security_group_id": "a40e05bf-81d9-4efa-97ff-d5eb5e2022dd",
            "timeouts": null
          },
          "sensitive_attributes": [],
          "private": "eyJlMmJmYjczMC1lY2FhLTExZTYtOGY4OC0zNDM2M2JjN2M0YzAiOnsiZGVsZXRlIjo2MDAwMDAwMDAwMDB9fQ==",
          "dependencies": [
            "vkcs_networking_secgroup.main_sg"
          ]
        },
        {
          "index_key": 2,
          "schema_version": 0,
          "attributes": {
            "description": "",
            "direction": "ingress",
            "ethertype": "IPv4",
            "id": "888f3596-779a-440c-a423-09f9cea455c4",
            "port_range_max": 443,
            "port_range_min": 443,
            "protocol": "tcp",
            "region": "RegionOne",
            "remote_group_id": "",
            "remote_ip_prefix": "0.0.0.0/0",
            "sdn": "neutron",
            "security_group_id": "a40e05bf-81d9-4efa-97ff-d5eb5e2022dd",
            "timeouts": null
          },
          "sensitive_attributes": [],
          "private": "eyJlMmJmYjczMC1lY2FhLTExZTYtOGY4OC0zNDM2M2JjN2M0YzAiOnsiZGVsZXRlIjo2MDAwMDAwMDAwMDB9fQ==",
          "dependencies": [
            "vkcs_networking_secgroup.main_sg"
          ]
        }
      ]
    },
    {
      "mode": "managed",
      "type": "vkcs_networking_subnet",
      "name": "terraform_subnet",
      "provider": "provider[\"registry.mail.ru/vk-cs/vkcs\"]",
      "instances": [
        {
          "schema_version": 0,
          "attributes": {
            "all_tags": [],
            "allocation_pool": [
              {
                "end": "192.168.254.254",
                "start": "192.168.254.2"
              }
            ],
            "cidr": "192.168.254.0/24",
            "description": "",
            "dns_nameservers": null,
            "enable_dhcp": true,
            "gateway_ip": "192.168.254.1",
            "id": "09cb8fe0-34a1-4a4f-9438-f0c3f3c0261c",
            "name": "ITHUBterraformsubnet-Mokhov",
            "network_id": "2e3f634c-6f9a-4113-8b1d-32364f356f78",
            "no_gateway": false,
            "prefix_length": null,
            "region": "RegionOne",
            "sdn": "neutron",
            "subnetpool_id": "",
            "tags": null,
            "timeouts": null,
            "value_specs": null
          },
          "sensitive_attributes": [],
          "private": "eyJlMmJmYjczMC1lY2FhLTExZTYtOGY4OC0zNDM2M2JjN2M0YzAiOnsiY3JlYXRlIjo2MDAwMDAwMDAwMDAsImRlbGV0ZSI6NjAwMDAwMDAwMDAwfX0=",
          "dependencies": [
            "vkcs_networking_network.terraform_network"
          ]
        }
      ]
    }
  ],
  "check_results": null
}
