{
  "version": 4,
  "terraform_version": "1.6.3",
  "serial": 21,
  "lineage": "772c6d33-461f-ccf7-c993-21011439ccde",
  "outputs": {
    "instance_1_info": {
      "value": {
        "host_name": "ITHUBterraforubuntu1-Mokhov",
        "ip": "192.168.254.9"
      },
      "type": [
        "object",
        {
          "host_name": "string",
          "ip": "string"
        }
      ]
    },
    "instance_2_info": {
      "value": {
        "host_name": "ITHUBterraforubuntu2-Mokhov",
        "ip": "192.168.254.8"
      },
      "type": [
        "object",
        {
          "host_name": "string",
          "ip": "string"
        }
      ]
    }
  },
  "resources": [
    {
      "mode": "data",
      "type": "vkcs_images_image",
      "name": "compute",
      "provider": "provider[\"registry.mail.ru/vk-cs/vkcs\"]",
      "instances": [
        {
          "schema_version": 0,
          "attributes": {
            "checksum": "88682151cd3333651cf0c31db9a8e731",
            "container_format": "bare",
            "created_at": "2024-12-16T13:54:22Z",
            "default": true,
            "disk_format": "qcow2",
            "file": "/v2/images/c1703b98-c903-436c-9de3-370af53a306f/file",
            "id": "c1703b98-c903-436c-9de3-370af53a306f",
            "member_status": null,
            "metadata": {},
            "min_disk_gb": 4,
            "min_ram_mb": 0,
            "most_recent": false,
            "name": "ubuntu-22-202412161339.gitddc29734",
            "owner": "432fd5d3387444b3b84a58d0a6df9eb9",
            "properties": {
              "mcs_os_distro": "ubuntu",
              "mcs_os_version": "22.04"
            },
            "protected": false,
            "region": "RegionOne",
            "schema": "/v2/schemas/image",
            "size_bytes": 701693952,
            "size_max": null,
            "size_min": null,
            "tag": null,
            "tags": [],
            "updated_at": "2024-12-16T13:54:37Z",
            "visibility": "public"
          },
          "sensitive_attributes": []
        }
      ]
    },
    {
      "mode": "managed",
      "type": "vkcs_compute_instance",
      "name": "terraform_instance_1",
      "provider": "provider[\"registry.mail.ru/vk-cs/vkcs\"]",
      "instances": [
        {
          "schema_version": 0,
          "attributes": {
            "access_ip_v4": "192.168.254.9",
            "admin_pass": null,
            "all_metadata": {},
            "all_tags": [],
            "availability_zone": "MS1",
            "block_device": [
              {
                "boot_index": 0,
                "delete_on_termination": true,
                "destination_type": "volume",
                "device_type": "",
                "disk_bus": "",
                "guest_format": "",
                "source_type": "image",
                "uuid": "c1703b98-c903-436c-9de3-370af53a306f",
                "volume_size": 10,
                "volume_type": ""
              }
            ],
            "cloud_monitoring": [],
            "config_drive": null,
            "flavor_id": "467c1b72-a6a2-4375-9cca-078cdc5bfdde",
            "flavor_name": "STD2-2-2",
            "force_delete": false,
            "id": "a250750a-b827-40f6-9fc1-b23263615389",
            "image_id": "Attempt to boot from volume - no image supplied",
            "image_name": null,
            "key_pair": "keypair-terraform",
            "metadata": null,
            "name": "ITHUBterraforubuntu1-Mokhov",
            "network": [
              {
                "access_network": false,
                "fixed_ip_v4": "192.168.254.9",
                "mac": "fa:16:3e:40:f7:1a",
                "name": "ITHUBterraformnetwork-Mokhov",
                "port": "",
                "uuid": "02cb208a-30e1-4493-b198-b9fc09cc5738"
              }
            ],
            "network_mode": null,
            "personality": [],
            "power_state": "active",
            "region": "RegionOne",
            "scheduler_hints": [],
            "security_group_ids": [
              "efb20d02-0252-4bc7-9e2e-752b8a81949d"
            ],
            "security_groups": [
              "sg-mokhov"
            ],
            "stop_before_destroy": false,
            "tags": null,
            "timeouts": null,
            "user_data": "2ccf6fb884a5eff4d5ec9bc9252a3d8e5bca144f",
            "vendor_options": []
          },
          "sensitive_attributes": [],
          "private": "eyJlMmJmYjczMC1lY2FhLTExZTYtOGY4OC0zNDM2M2JjN2M0YzAiOnsiY3JlYXRlIjoxODAwMDAwMDAwMDAwLCJkZWxldGUiOjE4MDAwMDAwMDAwMDAsInVwZGF0ZSI6MTgwMDAwMDAwMDAwMH19",
          "dependencies": [
            "data.vkcs_images_image.compute",
            "vkcs_compute_keypair.terraform_key",
            "vkcs_networking_network.terraform_network",
            "vkcs_networking_secgroup.main_sg"
          ]
        }
      ]
    },
    {
      "mode": "managed",
      "type": "vkcs_compute_instance",
      "name": "terraform_instance_2",
      "provider": "provider[\"registry.mail.ru/vk-cs/vkcs\"]",
      "instances": [
        {
          "schema_version": 0,
          "attributes": {
            "access_ip_v4": "192.168.254.8",
            "admin_pass": null,
            "all_metadata": {},
            "all_tags": [],
            "availability_zone": "GZ1",
            "block_device": [
              {
                "boot_index": 0,
                "delete_on_termination": true,
                "destination_type": "volume",
                "device_type": "",
                "disk_bus": "",
                "guest_format": "",
                "source_type": "image",
                "uuid": "c1703b98-c903-436c-9de3-370af53a306f",
                "volume_size": 10,
                "volume_type": ""
              }
            ],
            "cloud_monitoring": [],
            "config_drive": null,
            "flavor_id": "467c1b72-a6a2-4375-9cca-078cdc5bfdde",
            "flavor_name": "STD2-2-2",
            "force_delete": false,
            "id": "45c2cab4-be6c-4dea-9469-041b22e9f538",
            "image_id": "Attempt to boot from volume - no image supplied",
            "image_name": null,
            "key_pair": "keypair-terraform",
            "metadata": null,
            "name": "ITHUBterraforubuntu2-Mokhov",
            "network": [
              {
                "access_network": false,
                "fixed_ip_v4": "192.168.254.8",
                "mac": "fa:16:3e:18:f4:e3",
                "name": "ITHUBterraformnetwork-Mokhov",
                "port": "",
                "uuid": "02cb208a-30e1-4493-b198-b9fc09cc5738"
              }
            ],
            "network_mode": null,
            "personality": [],
            "power_state": "active",
            "region": "RegionOne",
            "scheduler_hints": [],
            "security_group_ids": [
              "efb20d02-0252-4bc7-9e2e-752b8a81949d"
            ],
            "security_groups": [
              "sg-mokhov"
            ],
            "stop_before_destroy": false,
            "tags": null,
            "timeouts": null,
            "user_data": "2ccf6fb884a5eff4d5ec9bc9252a3d8e5bca144f",
            "vendor_options": []
          },
          "sensitive_attributes": [],
          "private": "eyJlMmJmYjczMC1lY2FhLTExZTYtOGY4OC0zNDM2M2JjN2M0YzAiOnsiY3JlYXRlIjoxODAwMDAwMDAwMDAwLCJkZWxldGUiOjE4MDAwMDAwMDAwMDAsInVwZGF0ZSI6MTgwMDAwMDAwMDAwMH19",
          "dependencies": [
            "data.vkcs_images_image.compute",
            "vkcs_compute_keypair.terraform_key",
            "vkcs_networking_network.terraform_network",
            "vkcs_networking_secgroup.main_sg"
          ]
        }
      ]
    },
    {
      "mode": "managed",
      "type": "vkcs_compute_keypair",
      "name": "terraform_key",
      "provider": "provider[\"registry.mail.ru/vk-cs/vkcs\"]",
      "instances": [
        {
          "schema_version": 0,
          "attributes": {
            "fingerprint": "d5:f5:f1:b9:9f:6a:07:5f:22:7e:93:13:d3:4f:b0:b6",
            "id": "keypair-terraform",
            "name": "keypair-terraform",
            "private_key": "",
            "public_key": "ssh-rsa AAAAB3NzaC1yc2EAAAADAQABAAACAQCTDVATRAlpKJfrWnA36eKYYR99L60/wTH0AgtY19LJ49+lJ1CdR82m82iu+38P3b7KNuXgFBhMtFPaM8XhBcl38tsbNOITotWAPHsdvCxUDZ+CtQ1dqJRVoO5BP3ulmYFL6ThCoo045MhjFDdAwq7eHssT6t3o5Rrgj8UISSQsiZViTTi9lrMsDAc09eD+ipsXL5FvERSKkI4g/tJnpeQKiC000+QjL7huUlTLnRaP2k9PBXQboxIPf0X1rsszfTBL3QAqf4adF9RofJ5yR4t1rqg5z1dwFz/Gqsp8IRyO38EoUBQhfuX3FvhcbNcb0vneZ8a4Rls5RJ45wXrgXJUvB9a+EiaNkLDD8MFCfwZ7NXRTbefU3Fe+o6v0QMNvcivIJUIQF0IygBsTvQwY0EacBmnpVx4R1dQkpyqfHAHN+sd0WoNTkdwD2+srO+ho0iE9HlouNMxRS638oyMqaALB+h+cpcPsTNDWrMQPYZb/gy8DQ30pMHV32uAMGtaVTl4fROvPIQdbOoL84qHYmbMszr17tT72Phg6A15P1xDQxAmiZMbfBSW7kfQABpoFh/X3d4DcPnZVIkeKe8eSISaNyCoX+xQKMom/yOk+92mTtymIJnpKnQyr/szCjISLaywmKTw2iX6y9OtHGdADv2TA1uKRa7jqe2EDCuAtFiLgpw== juski@kali\n",
            "region": "RegionOne",
            "value_specs": null
          },
          "sensitive_attributes": [],
          "private": "bnVsbA=="
        }
      ]
    },
    {
      "mode": "managed",
      "type": "vkcs_networking_network",
      "name": "terraform_network",
      "provider": "provider[\"registry.mail.ru/vk-cs/vkcs\"]",
      "instances": [
        {
          "schema_version": 0,
          "attributes": {
            "admin_state_up": true,
            "all_tags": [],
            "description": "",
            "id": "02cb208a-30e1-4493-b198-b9fc09cc5738",
            "name": "ITHUBterraformnetwork-Mokhov",
            "port_security_enabled": true,
            "private_dns_domain": "mcs.local.",
            "region": "RegionOne",
            "sdn": "neutron",
            "tags": [],
            "timeouts": null,
            "value_specs": null,
            "vkcs_services_access": false
          },
          "sensitive_attributes": [],
          "private": "eyJlMmJmYjczMC1lY2FhLTExZTYtOGY4OC0zNDM2M2JjN2M0YzAiOnsiY3JlYXRlIjo2MDAwMDAwMDAwMDAsImRlbGV0ZSI6NjAwMDAwMDAwMDAwfX0="
        }
      ]
    },
    {
      "mode": "managed",
      "type": "vkcs_networking_router",
      "name": "terraform_router",
      "provider": "provider[\"registry.mail.ru/vk-cs/vkcs\"]",
      "instances": [
        {
          "schema_version": 0,
          "attributes": {
            "admin_state_up": true,
            "all_tags": [],
            "description": "",
            "external_fixed_ips": [
              {
                "ip_address": "217.16.17.89",
                "subnet_id": "30acf3ce-4141-4f7b-9777-f426b664141f"
              }
            ],
            "external_network_id": "298117ae-3fa4-4109-9e08-8be5602be5a2",
            "id": "a7cc3fd5-470c-4283-96de-676c44faf031",
            "name": "ITHUBterraformrouter-Mokhov",
            "region": "RegionOne",
            "sdn": "neutron",
            "tags": [],
            "timeouts": null,
            "value_specs": null,
            "vendor_options": []
          },
          "sensitive_attributes": [],
          "private": "eyJlMmJmYjczMC1lY2FhLTExZTYtOGY4OC0zNDM2M2JjN2M0YzAiOnsiY3JlYXRlIjo2MDAwMDAwMDAwMDAsImRlbGV0ZSI6NjAwMDAwMDAwMDAwfX0="
        }
      ]
    },
    {
      "mode": "managed",
      "type": "vkcs_networking_router_interface",
      "name": "router_interface",
      "provider": "provider[\"registry.mail.ru/vk-cs/vkcs\"]",
      "instances": [
        {
          "schema_version": 0,
          "attributes": {
            "id": "1f031ad7-a645-4467-9577-bb04ba422100",
            "port_id": "1f031ad7-a645-4467-9577-bb04ba422100",
            "region": "RegionOne",
            "router_id": "a7cc3fd5-470c-4283-96de-676c44faf031",
            "sdn": "neutron",
            "subnet_id": "34fe5e64-4f04-46b7-9454-fed4bdb48988",
            "timeouts": null
          },
          "sensitive_attributes": [],
          "private": "eyJlMmJmYjczMC1lY2FhLTExZTYtOGY4OC0zNDM2M2JjN2M0YzAiOnsiY3JlYXRlIjo2MDAwMDAwMDAwMDAsImRlbGV0ZSI6NjAwMDAwMDAwMDAwfX0=",
          "dependencies": [
            "vkcs_networking_network.terraform_network",
            "vkcs_networking_router.terraform_router",
            "vkcs_networking_subnet.terraform_subnet"
          ]
        }
      ]
    },
    {
      "mode": "managed",
      "type": "vkcs_networking_secgroup",
      "name": "main_sg",
      "provider": "provider[\"registry.mail.ru/vk-cs/vkcs\"]",
      "instances": [
        {
          "schema_version": 0,
          "attributes": {
            "all_tags": [],
            "delete_default_rules": null,
            "description": "",
            "id": "efb20d02-0252-4bc7-9e2e-752b8a81949d",
            "name": "sg-mokhov",
            "region": "RegionOne",
            "sdn": "neutron",
            "tags": [],
            "timeouts": null
          },
          "sensitive_attributes": [],
          "private": "eyJlMmJmYjczMC1lY2FhLTExZTYtOGY4OC0zNDM2M2JjN2M0YzAiOnsiZGVsZXRlIjo2MDAwMDAwMDAwMDB9fQ=="
        }
      ]
    },
    {
      "mode": "managed",
      "type": "vkcs_networking_secgroup_rule",
      "name": "allow_dns",
      "provider": "provider[\"registry.mail.ru/vk-cs/vkcs\"]",
      "instances": [
        {
          "schema_version": 0,
          "attributes": {
            "description": "",
            "direction": "egress",
            "ethertype": "IPv4",
            "id": "265cf727-b567-4fa2-87d3-3a7969fceccb",
            "port_range_max": 53,
            "port_range_min": 53,
            "protocol": "udp",
            "region": "RegionOne",
            "remote_group_id": "",
            "remote_ip_prefix": "0.0.0.0/0",
            "sdn": "neutron",
            "security_group_id": "efb20d02-0252-4bc7-9e2e-752b8a81949d",
            "timeouts": null
          },
          "sensitive_attributes": [],
          "private": "eyJlMmJmYjczMC1lY2FhLTExZTYtOGY4OC0zNDM2M2JjN2M0YzAiOnsiZGVsZXRlIjo2MDAwMDAwMDAwMDB9fQ==",
          "dependencies": [
            "vkcs_networking_secgroup.main_sg"
          ]
        }
      ]
    },
    {
      "mode": "managed",
      "type": "vkcs_networking_secgroup_rule",
      "name": "allow_traffic",
      "provider": "provider[\"registry.mail.ru/vk-cs/vkcs\"]",
      "instances": [
        {
          "index_key": 0,
          "schema_version": 0,
          "attributes": {
            "description": "",
            "direction": "ingress",
            "ethertype": "IPv4",
            "id": "fe4c18fe-291f-4472-ad5b-8ce8049efaed",
            "port_range_max": 22,
            "port_range_min": 22,
            "protocol": "tcp",
            "region": "RegionOne",
            "remote_group_id": "",
            "remote_ip_prefix": "0.0.0.0/0",
            "sdn": "neutron",
            "security_group_id": "efb20d02-0252-4bc7-9e2e-752b8a81949d",
            "timeouts": null
          },
          "sensitive_attributes": [],
          "private": "eyJlMmJmYjczMC1lY2FhLTExZTYtOGY4OC0zNDM2M2JjN2M0YzAiOnsiZGVsZXRlIjo2MDAwMDAwMDAwMDB9fQ==",
          "dependencies": [
            "vkcs_networking_secgroup.main_sg"
          ]
        },
        {
          "index_key": 1,
          "schema_version": 0,
          "attributes": {
            "description": "",
            "direction": "ingress",
            "ethertype": "IPv4",
            "id": "dd4888e7-b4e9-4b2b-a901-57d64363ac70",
            "port_range_max": 80,
            "port_range_min": 80,
            "protocol": "tcp",
            "region": "RegionOne",
            "remote_group_id": "",
            "remote_ip_prefix": "0.0.0.0/0",
            "sdn": "neutron",
            "security_group_id": "efb20d02-0252-4bc7-9e2e-752b8a81949d",
            "timeouts": null
          },
          "sensitive_attributes": [],
          "private": "eyJlMmJmYjczMC1lY2FhLTExZTYtOGY4OC0zNDM2M2JjN2M0YzAiOnsiZGVsZXRlIjo2MDAwMDAwMDAwMDB9fQ==",
          "dependencies": [
            "vkcs_networking_secgroup.main_sg"
          ]
        },
        {
          "index_key": 2,
          "schema_version": 0,
          "attributes": {
            "description": "",
            "direction": "ingress",
            "ethertype": "IPv4",
            "id": "2459f58d-7ba3-4f7a-9da5-6a424b528863",
            "port_range_max": 443,
            "port_range_min": 443,
            "protocol": "tcp",
            "region": "RegionOne",
            "remote_group_id": "",
            "remote_ip_prefix": "0.0.0.0/0",
            "sdn": "neutron",
            "security_group_id": "efb20d02-0252-4bc7-9e2e-752b8a81949d",
            "timeouts": null
          },
          "sensitive_attributes": [],
          "private": "eyJlMmJmYjczMC1lY2FhLTExZTYtOGY4OC0zNDM2M2JjN2M0YzAiOnsiZGVsZXRlIjo2MDAwMDAwMDAwMDB9fQ==",
          "dependencies": [
            "vkcs_networking_secgroup.main_sg"
          ]
        }
      ]
    },
    {
      "mode": "managed",
      "type": "vkcs_networking_subnet",
      "name": "terraform_subnet",
      "provider": "provider[\"registry.mail.ru/vk-cs/vkcs\"]",
      "instances": [
        {
          "schema_version": 0,
          "attributes": {
            "all_tags": [],
            "allocation_pool": [
              {
                "end": "192.168.254.254",
                "start": "192.168.254.2"
              }
            ],
            "cidr": "192.168.254.0/24",
            "description": "",
            "dns_nameservers": [],
            "enable_dhcp": true,
            "gateway_ip": "192.168.254.1",
            "id": "34fe5e64-4f04-46b7-9454-fed4bdb48988",
            "name": "ITHUBterraformsubnet-Mokhov",
            "network_id": "02cb208a-30e1-4493-b198-b9fc09cc5738",
            "no_gateway": false,
            "prefix_length": null,
            "region": "RegionOne",
            "sdn": "neutron",
            "subnetpool_id": "",
            "tags": [],
            "timeouts": null,
            "value_specs": null
          },
          "sensitive_attributes": [],
          "private": "eyJlMmJmYjczMC1lY2FhLTExZTYtOGY4OC0zNDM2M2JjN2M0YzAiOnsiY3JlYXRlIjo2MDAwMDAwMDAwMDAsImRlbGV0ZSI6NjAwMDAwMDAwMDAwfX0=",
          "dependencies": [
            "vkcs_networking_network.terraform_network"
          ]
        }
      ]
    }
  ],
  "check_results": null
}
